
Microsoft Visual Studio Solution File, Format Version 12.00
# Visual Studio Version 16
VisualStudioVersion = 16.0.29020.237
MinimumVisualStudioVersion = 10.0.40219.1
Project("{8BC9CEB8-8B4A-11D0-8D11-00A0C91BC942}") = "find_and_draw_picture_contour", "find_and_draw_picture_contour.vcxproj", "{6E95F72F-0152-40D9-A4A0-F737992DF941}"
EndProject
Global
	GlobalSection(SolutionConfigurationPlatforms) = preSolution
		Debug|x64 = Debug|x64
		Debug|x86 = Debug|x86
		Release|x64 = Release|x64
		Release|x86 = Release|x86
	EndGlobalSection
	GlobalSection(ProjectConfigurationPlatforms) = postSolution
		{6E95F72F-0152-40D9-A4A0-F737992DF941}.Debug|x64.ActiveCfg = Debug|x64
		{6E95F72F-0152-40D9-A4A0-F737992DF941}.Debug|x64.Build.0 = Debug|x64
		{6E95F72F-0152-40D9-A4A0-F737992DF941}.Debug|x86.ActiveCfg = Debug|Win32
		{6E95F72F-0152-40D9-A4A0-F737992DF941}.Debug|x86.Build.0 = Debug|Win32
		{6E95F72F-0152-40D9-A4A0-F737992DF941}.Release|x64.ActiveCfg = Release|x64
		{6E95F72F-0152-40D9-A4A0-F737992DF941}.Release|x64.Build.0 = Release|x64
		{6E95F72F-0152-40D9-A4A0-F737992DF941}.Release|x86.ActiveCfg = Release|Win32
		{6E95F72F-0152-40D9-A4A0-F737992DF941}.Release|x86.Build.0 = Release|Win32
	EndGlobalSection
	GlobalSection(SolutionProperties) = preSolution
		HideSolutionNode = FALSE
	EndGlobalSection
	GlobalSection(ExtensibilityGlobals) = postSolution
		SolutionGuid = {8E031FC3-C9FB-439E-AE70-343D879E55E0}
	EndGlobalSection
EndGlobal
