
Microsoft Visual Studio Solution File, Format Version 12.00
# Visual Studio Version 16
VisualStudioVersion = 16.0.29020.237
MinimumVisualStudioVersion = 10.0.40219.1
Project("{8BC9CEB8-8B4A-11D0-8D11-00A0C91BC942}") = "RGB_three-color_histogram", "RGB_three-color_histogram.vcxproj", "{075B90BD-2295-4875-A2A6-85359AD5FBEF}"
EndProject
Global
	GlobalSection(SolutionConfigurationPlatforms) = preSolution
		Debug|x64 = Debug|x64
		Debug|x86 = Debug|x86
		Release|x64 = Release|x64
		Release|x86 = Release|x86
	EndGlobalSection
	GlobalSection(ProjectConfigurationPlatforms) = postSolution
		{075B90BD-2295-4875-A2A6-85359AD5FBEF}.Debug|x64.ActiveCfg = Debug|x64
		{075B90BD-2295-4875-A2A6-85359AD5FBEF}.Debug|x64.Build.0 = Debug|x64
		{075B90BD-2295-4875-A2A6-85359AD5FBEF}.Debug|x86.ActiveCfg = Debug|Win32
		{075B90BD-2295-4875-A2A6-85359AD5FBEF}.Debug|x86.Build.0 = Debug|Win32
		{075B90BD-2295-4875-A2A6-85359AD5FBEF}.Release|x64.ActiveCfg = Release|x64
		{075B90BD-2295-4875-A2A6-85359AD5FBEF}.Release|x64.Build.0 = Release|x64
		{075B90BD-2295-4875-A2A6-85359AD5FBEF}.Release|x86.ActiveCfg = Release|Win32
		{075B90BD-2295-4875-A2A6-85359AD5FBEF}.Release|x86.Build.0 = Release|Win32
	EndGlobalSection
	GlobalSection(SolutionProperties) = preSolution
		HideSolutionNode = FALSE
	EndGlobalSection
	GlobalSection(ExtensibilityGlobals) = postSolution
		SolutionGuid = {B82EC775-8719-4227-B6B6-61DA7E2CC9B6}
	EndGlobalSection
EndGlobal
