
Microsoft Visual Studio Solution File, Format Version 12.00
# Visual Studio Version 16
VisualStudioVersion = 16.0.29020.237
MinimumVisualStudioVersion = 10.0.40219.1
Project("{8BC9CEB8-8B4A-11D0-8D11-00A0C91BC942}") = "profile_search_basis", "profile_search_basis.vcxproj", "{A47A8AB2-6750-4342-A393-A169C08B2B92}"
EndProject
Global
	GlobalSection(SolutionConfigurationPlatforms) = preSolution
		Debug|x64 = Debug|x64
		Debug|x86 = Debug|x86
		Release|x64 = Release|x64
		Release|x86 = Release|x86
	EndGlobalSection
	GlobalSection(ProjectConfigurationPlatforms) = postSolution
		{A47A8AB2-6750-4342-A393-A169C08B2B92}.Debug|x64.ActiveCfg = Debug|x64
		{A47A8AB2-6750-4342-A393-A169C08B2B92}.Debug|x64.Build.0 = Debug|x64
		{A47A8AB2-6750-4342-A393-A169C08B2B92}.Debug|x86.ActiveCfg = Debug|Win32
		{A47A8AB2-6750-4342-A393-A169C08B2B92}.Debug|x86.Build.0 = Debug|Win32
		{A47A8AB2-6750-4342-A393-A169C08B2B92}.Release|x64.ActiveCfg = Release|x64
		{A47A8AB2-6750-4342-A393-A169C08B2B92}.Release|x64.Build.0 = Release|x64
		{A47A8AB2-6750-4342-A393-A169C08B2B92}.Release|x86.ActiveCfg = Release|Win32
		{A47A8AB2-6750-4342-A393-A169C08B2B92}.Release|x86.Build.0 = Release|Win32
	EndGlobalSection
	GlobalSection(SolutionProperties) = preSolution
		HideSolutionNode = FALSE
	EndGlobalSection
	GlobalSection(ExtensibilityGlobals) = postSolution
		SolutionGuid = {5B251F77-63D9-4C48-8813-B5F44D70FD3F}
	EndGlobalSection
EndGlobal
