
Microsoft Visual Studio Solution File, Format Version 12.00
# Visual Studio Version 16
VisualStudioVersion = 16.0.29020.237
MinimumVisualStudioVersion = 10.0.40219.1
Project("{8BC9CEB8-8B4A-11D0-8D11-00A0C91BC942}") = "linear_image_filter_usecase", "linear_image_filter_usecase.vcxproj", "{E4BBDFFF-FBFD-41BD-84BF-0693C5ACB77C}"
EndProject
Global
	GlobalSection(SolutionConfigurationPlatforms) = preSolution
		Debug|x64 = Debug|x64
		Debug|x86 = Debug|x86
		Release|x64 = Release|x64
		Release|x86 = Release|x86
	EndGlobalSection
	GlobalSection(ProjectConfigurationPlatforms) = postSolution
		{E4BBDFFF-FBFD-41BD-84BF-0693C5ACB77C}.Debug|x64.ActiveCfg = Debug|x64
		{E4BBDFFF-FBFD-41BD-84BF-0693C5ACB77C}.Debug|x64.Build.0 = Debug|x64
		{E4BBDFFF-FBFD-41BD-84BF-0693C5ACB77C}.Debug|x86.ActiveCfg = Debug|Win32
		{E4BBDFFF-FBFD-41BD-84BF-0693C5ACB77C}.Debug|x86.Build.0 = Debug|Win32
		{E4BBDFFF-FBFD-41BD-84BF-0693C5ACB77C}.Release|x64.ActiveCfg = Release|x64
		{E4BBDFFF-FBFD-41BD-84BF-0693C5ACB77C}.Release|x64.Build.0 = Release|x64
		{E4BBDFFF-FBFD-41BD-84BF-0693C5ACB77C}.Release|x86.ActiveCfg = Release|Win32
		{E4BBDFFF-FBFD-41BD-84BF-0693C5ACB77C}.Release|x86.Build.0 = Release|Win32
	EndGlobalSection
	GlobalSection(SolutionProperties) = preSolution
		HideSolutionNode = FALSE
	EndGlobalSection
	GlobalSection(ExtensibilityGlobals) = postSolution
		SolutionGuid = {CB475623-9C44-4AE6-8000-2BAD083AF1E6}
	EndGlobalSection
EndGlobal
