
Microsoft Visual Studio Solution File, Format Version 12.00
# Visual Studio Version 16
VisualStudioVersion = 16.0.29020.237
MinimumVisualStudioVersion = 10.0.40219.1
Project("{8BC9CEB8-8B4A-11D0-8D11-00A0C91BC942}") = "XML_YAM_file_read", "XML_YAM_file_read.vcxproj", "{8D7AAC69-5806-4CD6-9B0B-B7DF9A8B525E}"
EndProject
Global
	GlobalSection(SolutionConfigurationPlatforms) = preSolution
		Debug|x64 = Debug|x64
		Debug|x86 = Debug|x86
		Release|x64 = Release|x64
		Release|x86 = Release|x86
	EndGlobalSection
	GlobalSection(ProjectConfigurationPlatforms) = postSolution
		{8D7AAC69-5806-4CD6-9B0B-B7DF9A8B525E}.Debug|x64.ActiveCfg = Debug|x64
		{8D7AAC69-5806-4CD6-9B0B-B7DF9A8B525E}.Debug|x64.Build.0 = Debug|x64
		{8D7AAC69-5806-4CD6-9B0B-B7DF9A8B525E}.Debug|x86.ActiveCfg = Debug|Win32
		{8D7AAC69-5806-4CD6-9B0B-B7DF9A8B525E}.Debug|x86.Build.0 = Debug|Win32
		{8D7AAC69-5806-4CD6-9B0B-B7DF9A8B525E}.Release|x64.ActiveCfg = Release|x64
		{8D7AAC69-5806-4CD6-9B0B-B7DF9A8B525E}.Release|x64.Build.0 = Release|x64
		{8D7AAC69-5806-4CD6-9B0B-B7DF9A8B525E}.Release|x86.ActiveCfg = Release|Win32
		{8D7AAC69-5806-4CD6-9B0B-B7DF9A8B525E}.Release|x86.Build.0 = Release|Win32
	EndGlobalSection
	GlobalSection(SolutionProperties) = preSolution
		HideSolutionNode = FALSE
	EndGlobalSection
	GlobalSection(ExtensibilityGlobals) = postSolution
		SolutionGuid = {4DF4BB6B-5FDE-4319-B6E6-6BB68504E374}
	EndGlobalSection
EndGlobal
