
Microsoft Visual Studio Solution File, Format Version 12.00
# Visual Studio Version 16
VisualStudioVersion = 16.0.29020.237
MinimumVisualStudioVersion = 10.0.40219.1
Project("{8BC9CEB8-8B4A-11D0-8D11-00A0C91BC942}") = "affine_transformation_example", "affine_transformation_example.vcxproj", "{36D78134-0B11-4AAC-A492-3D9F3F32EB80}"
EndProject
Global
	GlobalSection(SolutionConfigurationPlatforms) = preSolution
		Debug|x64 = Debug|x64
		Debug|x86 = Debug|x86
		Release|x64 = Release|x64
		Release|x86 = Release|x86
	EndGlobalSection
	GlobalSection(ProjectConfigurationPlatforms) = postSolution
		{36D78134-0B11-4AAC-A492-3D9F3F32EB80}.Debug|x64.ActiveCfg = Debug|x64
		{36D78134-0B11-4AAC-A492-3D9F3F32EB80}.Debug|x64.Build.0 = Debug|x64
		{36D78134-0B11-4AAC-A492-3D9F3F32EB80}.Debug|x86.ActiveCfg = Debug|Win32
		{36D78134-0B11-4AAC-A492-3D9F3F32EB80}.Debug|x86.Build.0 = Debug|Win32
		{36D78134-0B11-4AAC-A492-3D9F3F32EB80}.Release|x64.ActiveCfg = Release|x64
		{36D78134-0B11-4AAC-A492-3D9F3F32EB80}.Release|x64.Build.0 = Release|x64
		{36D78134-0B11-4AAC-A492-3D9F3F32EB80}.Release|x86.ActiveCfg = Release|Win32
		{36D78134-0B11-4AAC-A492-3D9F3F32EB80}.Release|x86.Build.0 = Release|Win32
	EndGlobalSection
	GlobalSection(SolutionProperties) = preSolution
		HideSolutionNode = FALSE
	EndGlobalSection
	GlobalSection(ExtensibilityGlobals) = postSolution
		SolutionGuid = {2D0ADA76-AE9F-48A9-9F22-C101F07501BC}
	EndGlobalSection
EndGlobal
